
Microsoft Visual Studio Solution File, Format Version 12.00
# Visual Studio Version 16
VisualStudioVersion = 16.0.29806.167
MinimumVisualStudioVersion = 10.0.40219.1
Project("{9A19103F-16F7-4668-BE54-9A1E7A4F7556}") = "TamagotchiKata", "TamagotchiKata\TamagotchiKata.csproj", "{5F98E690-D565-42DD-9E6B-9ECDD6BA2619}"
EndProject
Project("{FAE04EC0-301F-11D3-BF4B-00C04F79EFBC}") = "TamagotchiKata.Tests", "TamagotchiKata.Tests\TamagotchiKata.Tests.csproj", "{E0FDEAFC-F963-40E0-8257-28A4B217A90D}"
EndProject
Global
	GlobalSection(SolutionConfigurationPlatforms) = preSolution
		Debug|Any CPU = Debug|Any CPU
		Release|Any CPU = Release|Any CPU
	EndGlobalSection
	GlobalSection(ProjectConfigurationPlatforms) = postSolution
		{5F98E690-D565-42DD-9E6B-9ECDD6BA2619}.Debug|Any CPU.ActiveCfg = Debug|Any CPU
		{5F98E690-D565-42DD-9E6B-9ECDD6BA2619}.Debug|Any CPU.Build.0 = Debug|Any CPU
		{5F98E690-D565-42DD-9E6B-9ECDD6BA2619}.Release|Any CPU.ActiveCfg = Release|Any CPU
		{5F98E690-D565-42DD-9E6B-9ECDD6BA2619}.Release|Any CPU.Build.0 = Release|Any CPU
		{E0FDEAFC-F963-40E0-8257-28A4B217A90D}.Debug|Any CPU.ActiveCfg = Debug|Any CPU
		{E0FDEAFC-F963-40E0-8257-28A4B217A90D}.Debug|Any CPU.Build.0 = Debug|Any CPU
		{E0FDEAFC-F963-40E0-8257-28A4B217A90D}.Release|Any CPU.ActiveCfg = Release|Any CPU
		{E0FDEAFC-F963-40E0-8257-28A4B217A90D}.Release|Any CPU.Build.0 = Release|Any CPU
	EndGlobalSection
	GlobalSection(SolutionProperties) = preSolution
		HideSolutionNode = FALSE
	EndGlobalSection
	GlobalSection(ExtensibilityGlobals) = postSolution
		SolutionGuid = {7D9A76BA-4786-4856-B5E8-C326EB9933AE}
	EndGlobalSection
EndGlobal
